
Microsoft Visual Studio Solution File, Format Version 12.00
# Visual Studio 15
VisualStudioVersion = 15.0.28307.421
MinimumVisualStudioVersion = 10.0.40219.1
Project("{FAE04EC0-301F-11D3-BF4B-00C04F79EFBC}") = "ADONET_DZ_1", "ADONET_DZ_1\ADONET_DZ_1.csproj", "{CC73A44D-8EBF-4F11-9A10-9F8B201CF48B}"
EndProject
Global
	GlobalSection(SolutionConfigurationPlatforms) = preSolution
		Debug|Any CPU = Debug|Any CPU
		Release|Any CPU = Release|Any CPU
	EndGlobalSection
	GlobalSection(ProjectConfigurationPlatforms) = postSolution
		{CC73A44D-8EBF-4F11-9A10-9F8B201CF48B}.Debug|Any CPU.ActiveCfg = Debug|Any CPU
		{CC73A44D-8EBF-4F11-9A10-9F8B201CF48B}.Debug|Any CPU.Build.0 = Debug|Any CPU
		{CC73A44D-8EBF-4F11-9A10-9F8B201CF48B}.Release|Any CPU.ActiveCfg = Release|Any CPU
		{CC73A44D-8EBF-4F11-9A10-9F8B201CF48B}.Release|Any CPU.Build.0 = Release|Any CPU
	EndGlobalSection
	GlobalSection(SolutionProperties) = preSolution
		HideSolutionNode = FALSE
	EndGlobalSection
	GlobalSection(ExtensibilityGlobals) = postSolution
		SolutionGuid = {65A94DFD-F4DF-4181-AC70-82BE9E7EDA8E}
	EndGlobalSection
EndGlobal
